Microsoft Visual Studio Solution File, Format Version 12.00
# Visual Studio Version 17
VisualStudioVersion = 17.5.2.0
MinimumVisualStudioVersion = 10.0.40219.1
Project("{2150E333-8FDC-42A3-9474-1A3956D46DE8}") = "unity", "unity", "{F2F4A18A-13DA-A99B-7F1B-2CF93E0D20FA}"
EndProject
Project("{2150E333-8FDC-42A3-9474-1A3956D46DE8}") = "hlens", "hlens", "{CA717F34-B8E0-3418-8599-1DA9B38D6794}"
EndProject
Project("{FAE04EC0-301F-11D3-BF4B-00C04F79EFBC}") = "Assembly-CSharp-Editor", "unity\hlens\Assembly-CSharp-Editor.csproj", "{DA2093E0-0FD8-9F5D-D558-23DB9424723D}"
EndProject
Project("{FAE04EC0-301F-11D3-BF4B-00C04F79EFBC}") = "Assembly-CSharp", "unity\hlens\Assembly-CSharp.csproj", "{D9737B67-CFB2-0943-8B1B-0360D356A6B8}"
EndProject
Project("{FAE04EC0-301F-11D3-BF4B-00C04F79EFBC}") = "CW.Common", "unity\hlens\CW.Common.csproj", "{87C251E8-DAA1-E557-E422-5EB336597014}"
EndProject
Project("{FAE04EC0-301F-11D3-BF4B-00C04F79EFBC}") = "LeanCommon", "unity\hlens\LeanCommon.csproj", "{FA92BBE6-86D2-038D-9671-C86108E35EC4}"
EndProject
Project("{FAE04EC0-301F-11D3-BF4B-00C04F79EFBC}") = "LeanTouch", "unity\hlens\LeanTouch.csproj", "{87FCAEC7-68E6-C419-619F-A843C32448C4}"
EndProject
Project("{FAE04EC0-301F-11D3-BF4B-00C04F79EFBC}") = "PsdPlugin", "unity\hlens\PsdPlugin.csproj", "{49802994-7CCF-FBF8-A50F-1301C3010270}"
EndProject
Project("{FAE04EC0-301F-11D3-BF4B-00C04F79EFBC}") = "ScriptablePacker", "unity\hlens\ScriptablePacker.csproj", "{CAEE91F8-6815-A1B8-BDD8-71CC09BC9251}"
EndProject
Project("{FAE04EC0-301F-11D3-BF4B-00C04F79EFBC}") = "Unity.2D.Animation.Editor", "unity\hlens\Unity.2D.Animation.Editor.csproj", "{6855BCA4-72D6-C79F-3705-20030CBC54F3}"
EndProject
Project("{FAE04EC0-301F-11D3-BF4B-00C04F79EFBC}") = "Unity.2D.Animation.Runtime", "unity\hlens\Unity.2D.Animation.Runtime.csproj", "{B4A58666-1D44-F182-1DD9-14C70AC86020}"
EndProject
Project("{FAE04EC0-301F-11D3-BF4B-00C04F79EFBC}") = "Unity.2D.Aseprite.Common", "unity\hlens\Unity.2D.Aseprite.Common.csproj", "{26A40DCE-406B-DD20-5E06-73AF89102045}"
EndProject
Project("{FAE04EC0-301F-11D3-BF4B-00C04F79EFBC}") = "Unity.2D.Aseprite.Editor", "unity\hlens\Unity.2D.Aseprite.Editor.csproj", "{5E364562-33BE-D8F8-BD8A-0C0599B75B30}"
EndProject
Project("{FAE04EC0-301F-11D3-BF4B-00C04F79EFBC}") = "Unity.2D.Common.Editor", "unity\hlens\Unity.2D.Common.Editor.csproj", "{AFD7A5ED-F7E5-23B5-FDA7-BD2561097A67}"
EndProject
Project("{FAE04EC0-301F-11D3-BF4B-00C04F79EFBC}") = "Unity.2D.Common.Path.Editor", "unity\hlens\Unity.2D.Common.Path.Editor.csproj", "{9AD2A49E-9721-A279-6498-592D6F07CB1B}"
EndProject
Project("{FAE04EC0-301F-11D3-BF4B-00C04F79EFBC}") = "Unity.2D.Common.Runtime", "unity\hlens\Unity.2D.Common.Runtime.csproj", "{7484352F-625E-8780-6340-B4488A159BE3}"
EndProject
Project("{FAE04EC0-301F-11D3-BF4B-00C04F79EFBC}") = "Unity.2D.IK.Editor", "unity\hlens\Unity.2D.IK.Editor.csproj", "{FEB34DC5-63DE-095D-0180-F976F345B9C6}"
EndProject
Project("{FAE04EC0-301F-11D3-BF4B-00C04F79EFBC}") = "Unity.2D.IK.Runtime", "unity\hlens\Unity.2D.IK.Runtime.csproj", "{F40AB3FC-8E85-2F55-03ED-8071A62829B8}"
EndProject
Project("{FAE04EC0-301F-11D3-BF4B-00C04F79EFBC}") = "Unity.2D.Psdimporter.Editor", "unity\hlens\Unity.2D.Psdimporter.Editor.csproj", "{7D037F51-59CD-9CB3-6FAF-A3002D38ED7C}"
EndProject
Project("{FAE04EC0-301F-11D3-BF4B-00C04F79EFBC}") = "Unity.2D.SpriteShape.Editor", "unity\hlens\Unity.2D.SpriteShape.Editor.csproj", "{FC03D347-0439-02F6-7352-F5DA9791ECA0}"
EndProject
Project("{FAE04EC0-301F-11D3-BF4B-00C04F79EFBC}") = "Unity.2D.SpriteShape.Runtime", "unity\hlens\Unity.2D.SpriteShape.Runtime.csproj", "{2C57BE04-9200-6112-D9F9-F20E078A6162}"
EndProject
Project("{FAE04EC0-301F-11D3-BF4B-00C04F79EFBC}") = "Unity.2D.Tilemap.Extras", "unity\hlens\Unity.2D.Tilemap.Extras.csproj", "{EF96F1B9-C343-6697-D007-CE12DC52EE06}"
EndProject
Project("{FAE04EC0-301F-11D3-BF4B-00C04F79EFBC}") = "Unity.2D.Tilemap.Extras.Editor", "unity\hlens\Unity.2D.Tilemap.Extras.Editor.csproj", "{34E57C8E-046E-1240-300F-BC2ED7A4E1B2}"
EndProject
Project("{FAE04EC0-301F-11D3-BF4B-00C04F79EFBC}") = "Unity.2D.Tooling.Editor", "unity\hlens\Unity.2D.Tooling.Editor.csproj", "{868BFDA3-CA69-3D75-7A97-C3A53A136A6B}"
EndProject
Project("{FAE04EC0-301F-11D3-BF4B-00C04F79EFBC}") = "Unity.Burst.CodeGen", "unity\hlens\Unity.Burst.CodeGen.csproj", "{36A42670-34B8-C6CA-0CDC-8A7695B511E0}"
EndProject
Project("{FAE04EC0-301F-11D3-BF4B-00C04F79EFBC}") = "Unity.Burst", "unity\hlens\Unity.Burst.csproj", "{294E9FCD-5312-976C-15E8-E214451DEF0C}"
EndProject
Project("{FAE04EC0-301F-11D3-BF4B-00C04F79EFBC}") = "Unity.Burst.Editor", "unity\hlens\Unity.Burst.Editor.csproj", "{3374DB50-E967-3F1F-F4D1-AF48DB07BDA2}"
EndProject
Project("{FAE04EC0-301F-11D3-BF4B-00C04F79EFBC}") = "Unity.CollabProxy.Editor", "unity\hlens\Unity.CollabProxy.Editor.csproj", "{C029F332-6E05-9820-4FE9-B9A8F88EB91D}"
EndProject
Project("{FAE04EC0-301F-11D3-BF4B-00C04F79EFBC}") = "Unity.Collections.CodeGen", "unity\hlens\Unity.Collections.CodeGen.csproj", "{304D576E-099B-7148-F36E-376364CB9012}"
EndProject
Project("{FAE04EC0-301F-11D3-BF4B-00C04F79EFBC}") = "Unity.Collections", "unity\hlens\Unity.Collections.csproj", "{C621A1CD-8BE7-0538-01FD-1A9A0AA06625}"
EndProject
Project("{FAE04EC0-301F-11D3-BF4B-00C04F79EFBC}") = "Unity.Collections.Editor", "unity\hlens\Unity.Collections.Editor.csproj", "{6567E70B-0F46-3DC5-E350-DF504B28722C}"
EndProject
Project("{FAE04EC0-301F-11D3-BF4B-00C04F79EFBC}") = "Unity.InputSystem", "unity\hlens\Unity.InputSystem.csproj", "{DBAD34E7-C521-B17C-F6D2-3E2650819597}"
EndProject
Project("{FAE04EC0-301F-11D3-BF4B-00C04F79EFBC}") = "Unity.InputSystem.DocCodeSamples", "unity\hlens\Unity.InputSystem.DocCodeSamples.csproj", "{C74046BD-8A5B-840C-926D-83745CBA7626}"
EndProject
Project("{FAE04EC0-301F-11D3-BF4B-00C04F79EFBC}") = "Unity.InputSystem.ForUI", "unity\hlens\Unity.InputSystem.ForUI.csproj", "{B45B1095-7343-4619-0F76-CB0C6B45EA19}"
EndProject
Project("{FAE04EC0-301F-11D3-BF4B-00C04F79EFBC}") = "Unity.InputSystem.TestFramework", "unity\hlens\Unity.InputSystem.TestFramework.csproj", "{8D48CF9D-406A-B442-7B32-BD24C2A65AB8}"
EndProject
Project("{FAE04EC0-301F-11D3-BF4B-00C04F79EFBC}") = "Unity.InternalAPIEditorBridge.001", "unity\hlens\Unity.InternalAPIEditorBridge.001.csproj", "{60693C5B-124C-E64A-C374-9707A20260DB}"
EndProject
Project("{FAE04EC0-301F-11D3-BF4B-00C04F79EFBC}") = "Unity.InternalAPIEngineBridge.001", "unity\hlens\Unity.InternalAPIEngineBridge.001.csproj", "{825A4525-9CFF-38B5-11E8-DCFFFDF942D1}"
EndProject
Project("{FAE04EC0-301F-11D3-BF4B-00C04F79EFBC}") = "Unity.Mathematics", "unity\hlens\Unity.Mathematics.csproj", "{F275BAB2-6E3F-BCED-BC17-4C779B502873}"
EndProject
Project("{FAE04EC0-301F-11D3-BF4B-00C04F79EFBC}") = "Unity.Mathematics.Editor", "unity\hlens\Unity.Mathematics.Editor.csproj", "{7E65E63F-AAD1-C907-5A06-7CBD206F9C83}"
EndProject
Project("{FAE04EC0-301F-11D3-BF4B-00C04F79EFBC}") = "Unity.PerformanceTesting", "unity\hlens\Unity.PerformanceTesting.csproj", "{86E6DDF2-A30D-EE38-12A0-6CDC1E95A64F}"
EndProject
Project("{FAE04EC0-301F-11D3-BF4B-00C04F79EFBC}") = "Unity.PerformanceTesting.Editor", "unity\hlens\Unity.PerformanceTesting.Editor.csproj", "{03D95848-1CB9-B0B6-B9A4-1B4C158C2FD0}"
EndProject
Project("{FAE04EC0-301F-11D3-BF4B-00C04F79EFBC}") = "Unity.PlasticSCM.Editor", "unity\hlens\Unity.PlasticSCM.Editor.csproj", "{6DA1B612-AEF0-7DED-9F05-23BC1F10387D}"
EndProject
Project("{FAE04EC0-301F-11D3-BF4B-00C04F79EFBC}") = "Unity.PlasticSCM.Editor.Entities", "unity\hlens\Unity.PlasticSCM.Editor.Entities.csproj", "{966DEDAF-9A70-556F-250A-2DF87E63D755}"
EndProject
Project("{FAE04EC0-301F-11D3-BF4B-00C04F79EFBC}") = "Unity.Rider.Editor", "unity\hlens\Unity.Rider.Editor.csproj", "{098AF73A-3C5C-E1AD-5EA3-CA15AC8E89FC}"
EndProject
Project("{FAE04EC0-301F-11D3-BF4B-00C04F79EFBC}") = "Unity.Searcher.Editor", "unity\hlens\Unity.Searcher.Editor.csproj", "{46800816-CEC5-E3CA-CE36-86E62A49BDBE}"
EndProject
Project("{FAE04EC0-301F-11D3-BF4B-00C04F79EFBC}") = "Unity.Timeline", "unity\hlens\Unity.Timeline.csproj", "{F770CE4A-7A6A-36F7-7CD0-09B4F827544E}"
EndProject
Project("{FAE04EC0-301F-11D3-BF4B-00C04F79EFBC}") = "Unity.Timeline.Editor", "unity\hlens\Unity.Timeline.Editor.csproj", "{6F7C6257-2612-B4F9-1FD9-64278DF69CB7}"
EndProject
Project("{FAE04EC0-301F-11D3-BF4B-00C04F79EFBC}") = "Unity.VisualScripting.Core", "unity\hlens\Unity.VisualScripting.Core.csproj", "{58244F3B-5A75-0892-6B2F-BBF37DF143D6}"
EndProject
Project("{FAE04EC0-301F-11D3-BF4B-00C04F79EFBC}") = "Unity.VisualScripting.Core.Editor", "unity\hlens\Unity.VisualScripting.Core.Editor.csproj", "{06B59799-EFE1-C72A-E0F8-B08DE98247FB}"
EndProject
Project("{FAE04EC0-301F-11D3-BF4B-00C04F79EFBC}") = "Unity.VisualScripting.DocCodeExamples", "unity\hlens\Unity.VisualScripting.DocCodeExamples.csproj", "{36577D45-F0BE-5FFC-3550-314E714C5DD2}"
EndProject
Project("{FAE04EC0-301F-11D3-BF4B-00C04F79EFBC}") = "Unity.VisualScripting.Flow", "unity\hlens\Unity.VisualScripting.Flow.csproj", "{D92BE7D3-8545-8CF4-D88A-C17EB854905D}"
EndProject
Project("{FAE04EC0-301F-11D3-BF4B-00C04F79EFBC}") = "Unity.VisualScripting.Flow.Editor", "unity\hlens\Unity.VisualScripting.Flow.Editor.csproj", "{59910642-7E39-DE48-CA33-B0AA314A040D}"
EndProject
Project("{FAE04EC0-301F-11D3-BF4B-00C04F79EFBC}") = "Unity.VisualScripting.SettingsProvider.Editor", "unity\hlens\Unity.VisualScripting.SettingsProvider.Editor.csproj", "{9013C091-5AC4-63B9-84E1-56A06CE4BA46}"
EndProject
Project("{FAE04EC0-301F-11D3-BF4B-00C04F79EFBC}") = "Unity.VisualScripting.Shared.Editor", "unity\hlens\Unity.VisualScripting.Shared.Editor.csproj", "{94815F18-16D9-E029-4162-5DD56699A701}"
EndProject
Project("{FAE04EC0-301F-11D3-BF4B-00C04F79EFBC}") = "Unity.VisualScripting.State", "unity\hlens\Unity.VisualScripting.State.csproj", "{FF08F86B-1022-B783-C9CF-72E01C5D0F04}"
EndProject
Project("{FAE04EC0-301F-11D3-BF4B-00C04F79EFBC}") = "Unity.VisualScripting.State.Editor", "unity\hlens\Unity.VisualScripting.State.Editor.csproj", "{9B9A4616-7020-7BD7-72EE-B37A410A3CDB}"
EndProject
Project("{FAE04EC0-301F-11D3-BF4B-00C04F79EFBC}") = "Unity.VisualStudio.Editor", "unity\hlens\Unity.VisualStudio.Editor.csproj", "{716CB07F-BF24-C243-C5AD-E831A427EA2A}"
EndProject
Global
	GlobalSection(SolutionConfigurationPlatforms) = preSolution
		Debug|Any CPU = Debug|Any CPU
		Release|Any CPU = Release|Any CPU
	EndGlobalSection
	GlobalSection(ProjectConfigurationPlatforms) = postSolution
		{DA2093E0-0FD8-9F5D-D558-23DB9424723D}.Debug|Any CPU.ActiveCfg = Debug|Any CPU
		{DA2093E0-0FD8-9F5D-D558-23DB9424723D}.Debug|Any CPU.Build.0 = Debug|Any CPU
		{DA2093E0-0FD8-9F5D-D558-23DB9424723D}.Release|Any CPU.ActiveCfg = Release|Any CPU
		{DA2093E0-0FD8-9F5D-D558-23DB9424723D}.Release|Any CPU.Build.0 = Release|Any CPU
		{D9737B67-CFB2-0943-8B1B-0360D356A6B8}.Debug|Any CPU.ActiveCfg = Debug|Any CPU
		{D9737B67-CFB2-0943-8B1B-0360D356A6B8}.Debug|Any CPU.Build.0 = Debug|Any CPU
		{D9737B67-CFB2-0943-8B1B-0360D356A6B8}.Release|Any CPU.ActiveCfg = Release|Any CPU
		{D9737B67-CFB2-0943-8B1B-0360D356A6B8}.Release|Any CPU.Build.0 = Release|Any CPU
		{87C251E8-DAA1-E557-E422-5EB336597014}.Debug|Any CPU.ActiveCfg = Debug|Any CPU
		{87C251E8-DAA1-E557-E422-5EB336597014}.Debug|Any CPU.Build.0 = Debug|Any CPU
		{87C251E8-DAA1-E557-E422-5EB336597014}.Release|Any CPU.ActiveCfg = Release|Any CPU
		{87C251E8-DAA1-E557-E422-5EB336597014}.Release|Any CPU.Build.0 = Release|Any CPU
		{FA92BBE6-86D2-038D-9671-C86108E35EC4}.Debug|Any CPU.ActiveCfg = Debug|Any CPU
		{FA92BBE6-86D2-038D-9671-C86108E35EC4}.Debug|Any CPU.Build.0 = Debug|Any CPU
		{FA92BBE6-86D2-038D-9671-C86108E35EC4}.Release|Any CPU.ActiveCfg = Release|Any CPU
		{FA92BBE6-86D2-038D-9671-C86108E35EC4}.Release|Any CPU.Build.0 = Release|Any CPU
		{87FCAEC7-68E6-C419-619F-A843C32448C4}.Debug|Any CPU.ActiveCfg = Debug|Any CPU
		{87FCAEC7-68E6-C419-619F-A843C32448C4}.Debug|Any CPU.Build.0 = Debug|Any CPU
		{87FCAEC7-68E6-C419-619F-A843C32448C4}.Release|Any CPU.ActiveCfg = Release|Any CPU
		{87FCAEC7-68E6-C419-619F-A843C32448C4}.Release|Any CPU.Build.0 = Release|Any CPU
		{49802994-7CCF-FBF8-A50F-1301C3010270}.Debug|Any CPU.ActiveCfg = Debug|Any CPU
		{49802994-7CCF-FBF8-A50F-1301C3010270}.Debug|Any CPU.Build.0 = Debug|Any CPU
		{49802994-7CCF-FBF8-A50F-1301C3010270}.Release|Any CPU.ActiveCfg = Release|Any CPU
		{49802994-7CCF-FBF8-A50F-1301C3010270}.Release|Any CPU.Build.0 = Release|Any CPU
		{CAEE91F8-6815-A1B8-BDD8-71CC09BC9251}.Debug|Any CPU.ActiveCfg = Debug|Any CPU
		{CAEE91F8-6815-A1B8-BDD8-71CC09BC9251}.Debug|Any CPU.Build.0 = Debug|Any CPU
		{CAEE91F8-6815-A1B8-BDD8-71CC09BC9251}.Release|Any CPU.ActiveCfg = Release|Any CPU
		{CAEE91F8-6815-A1B8-BDD8-71CC09BC9251}.Release|Any CPU.Build.0 = Release|Any CPU
		{6855BCA4-72D6-C79F-3705-20030CBC54F3}.Debug|Any CPU.ActiveCfg = Debug|Any CPU
		{6855BCA4-72D6-C79F-3705-20030CBC54F3}.Debug|Any CPU.Build.0 = Debug|Any CPU
		{6855BCA4-72D6-C79F-3705-20030CBC54F3}.Release|Any CPU.ActiveCfg = Release|Any CPU
		{6855BCA4-72D6-C79F-3705-20030CBC54F3}.Release|Any CPU.Build.0 = Release|Any CPU
		{B4A58666-1D44-F182-1DD9-14C70AC86020}.Debug|Any CPU.ActiveCfg = Debug|Any CPU
		{B4A58666-1D44-F182-1DD9-14C70AC86020}.Debug|Any CPU.Build.0 = Debug|Any CPU
		{B4A58666-1D44-F182-1DD9-14C70AC86020}.Release|Any CPU.ActiveCfg = Release|Any CPU
		{B4A58666-1D44-F182-1DD9-14C70AC86020}.Release|Any CPU.Build.0 = Release|Any CPU
		{26A40DCE-406B-DD20-5E06-73AF89102045}.Debug|Any CPU.ActiveCfg = Debug|Any CPU
		{26A40DCE-406B-DD20-5E06-73AF89102045}.Debug|Any CPU.Build.0 = Debug|Any CPU
		{26A40DCE-406B-DD20-5E06-73AF89102045}.Release|Any CPU.ActiveCfg = Release|Any CPU
		{26A40DCE-406B-DD20-5E06-73AF89102045}.Release|Any CPU.Build.0 = Release|Any CPU
		{5E364562-33BE-D8F8-BD8A-0C0599B75B30}.Debug|Any CPU.ActiveCfg = Debug|Any CPU
		{5E364562-33BE-D8F8-BD8A-0C0599B75B30}.Debug|Any CPU.Build.0 = Debug|Any CPU
		{5E364562-33BE-D8F8-BD8A-0C0599B75B30}.Release|Any CPU.ActiveCfg = Release|Any CPU
		{5E364562-33BE-D8F8-BD8A-0C0599B75B30}.Release|Any CPU.Build.0 = Release|Any CPU
		{AFD7A5ED-F7E5-23B5-FDA7-BD2561097A67}.Debug|Any CPU.ActiveCfg = Debug|Any CPU
		{AFD7A5ED-F7E5-23B5-FDA7-BD2561097A67}.Debug|Any CPU.Build.0 = Debug|Any CPU
		{AFD7A5ED-F7E5-23B5-FDA7-BD2561097A67}.Release|Any CPU.ActiveCfg = Release|Any CPU
		{AFD7A5ED-F7E5-23B5-FDA7-BD2561097A67}.Release|Any CPU.Build.0 = Release|Any CPU
		{9AD2A49E-9721-A279-6498-592D6F07CB1B}.Debug|Any CPU.ActiveCfg = Debug|Any CPU
		{9AD2A49E-9721-A279-6498-592D6F07CB1B}.Debug|Any CPU.Build.0 = Debug|Any CPU
		{9AD2A49E-9721-A279-6498-592D6F07CB1B}.Release|Any CPU.ActiveCfg = Release|Any CPU
		{9AD2A49E-9721-A279-6498-592D6F07CB1B}.Release|Any CPU.Build.0 = Release|Any CPU
		{7484352F-625E-8780-6340-B4488A159BE3}.Debug|Any CPU.ActiveCfg = Debug|Any CPU
		{7484352F-625E-8780-6340-B4488A159BE3}.Debug|Any CPU.Build.0 = Debug|Any CPU
		{7484352F-625E-8780-6340-B4488A159BE3}.Release|Any CPU.ActiveCfg = Release|Any CPU
		{7484352F-625E-8780-6340-B4488A159BE3}.Release|Any CPU.Build.0 = Release|Any CPU
		{FEB34DC5-63DE-095D-0180-F976F345B9C6}.Debug|Any CPU.ActiveCfg = Debug|Any CPU
		{FEB34DC5-63DE-095D-0180-F976F345B9C6}.Debug|Any CPU.Build.0 = Debug|Any CPU
		{FEB34DC5-63DE-095D-0180-F976F345B9C6}.Release|Any CPU.ActiveCfg = Release|Any CPU
		{FEB34DC5-63DE-095D-0180-F976F345B9C6}.Release|Any CPU.Build.0 = Release|Any CPU
		{F40AB3FC-8E85-2F55-03ED-8071A62829B8}.Debug|Any CPU.ActiveCfg = Debug|Any CPU
		{F40AB3FC-8E85-2F55-03ED-8071A62829B8}.Debug|Any CPU.Build.0 = Debug|Any CPU
		{F40AB3FC-8E85-2F55-03ED-8071A62829B8}.Release|Any CPU.ActiveCfg = Release|Any CPU
		{F40AB3FC-8E85-2F55-03ED-8071A62829B8}.Release|Any CPU.Build.0 = Release|Any CPU
		{7D037F51-59CD-9CB3-6FAF-A3002D38ED7C}.Debug|Any CPU.ActiveCfg = Debug|Any CPU
		{7D037F51-59CD-9CB3-6FAF-A3002D38ED7C}.Debug|Any CPU.Build.0 = Debug|Any CPU
		{7D037F51-59CD-9CB3-6FAF-A3002D38ED7C}.Release|Any CPU.ActiveCfg = Release|Any CPU
		{7D037F51-59CD-9CB3-6FAF-A3002D38ED7C}.Release|Any CPU.Build.0 = Release|Any CPU
		{FC03D347-0439-02F6-7352-F5DA9791ECA0}.Debug|Any CPU.ActiveCfg = Debug|Any CPU
		{FC03D347-0439-02F6-7352-F5DA9791ECA0}.Debug|Any CPU.Build.0 = Debug|Any CPU
		{FC03D347-0439-02F6-7352-F5DA9791ECA0}.Release|Any CPU.ActiveCfg = Release|Any CPU
		{FC03D347-0439-02F6-7352-F5DA9791ECA0}.Release|Any CPU.Build.0 = Release|Any CPU
		{2C57BE04-9200-6112-D9F9-F20E078A6162}.Debug|Any CPU.ActiveCfg = Debug|Any CPU
		{2C57BE04-9200-6112-D9F9-F20E078A6162}.Debug|Any CPU.Build.0 = Debug|Any CPU
		{2C57BE04-9200-6112-D9F9-F20E078A6162}.Release|Any CPU.ActiveCfg = Release|Any CPU
		{2C57BE04-9200-6112-D9F9-F20E078A6162}.Release|Any CPU.Build.0 = Release|Any CPU
		{EF96F1B9-C343-6697-D007-CE12DC52EE06}.Debug|Any CPU.ActiveCfg = Debug|Any CPU
		{EF96F1B9-C343-6697-D007-CE12DC52EE06}.Debug|Any CPU.Build.0 = Debug|Any CPU
		{EF96F1B9-C343-6697-D007-CE12DC52EE06}.Release|Any CPU.ActiveCfg = Release|Any CPU
		{EF96F1B9-C343-6697-D007-CE12DC52EE06}.Release|Any CPU.Build.0 = Release|Any CPU
		{34E57C8E-046E-1240-300F-BC2ED7A4E1B2}.Debug|Any CPU.ActiveCfg = Debug|Any CPU
		{34E57C8E-046E-1240-300F-BC2ED7A4E1B2}.Debug|Any CPU.Build.0 = Debug|Any CPU
		{34E57C8E-046E-1240-300F-BC2ED7A4E1B2}.Release|Any CPU.ActiveCfg = Release|Any CPU
		{34E57C8E-046E-1240-300F-BC2ED7A4E1B2}.Release|Any CPU.Build.0 = Release|Any CPU
		{868BFDA3-CA69-3D75-7A97-C3A53A136A6B}.Debug|Any CPU.ActiveCfg = Debug|Any CPU
		{868BFDA3-CA69-3D75-7A97-C3A53A136A6B}.Debug|Any CPU.Build.0 = Debug|Any CPU
		{868BFDA3-CA69-3D75-7A97-C3A53A136A6B}.Release|Any CPU.ActiveCfg = Release|Any CPU
		{868BFDA3-CA69-3D75-7A97-C3A53A136A6B}.Release|Any CPU.Build.0 = Release|Any CPU
		{36A42670-34B8-C6CA-0CDC-8A7695B511E0}.Debug|Any CPU.ActiveCfg = Debug|Any CPU
		{36A42670-34B8-C6CA-0CDC-8A7695B511E0}.Debug|Any CPU.Build.0 = Debug|Any CPU
		{36A42670-34B8-C6CA-0CDC-8A7695B511E0}.Release|Any CPU.ActiveCfg = Release|Any CPU
		{36A42670-34B8-C6CA-0CDC-8A7695B511E0}.Release|Any CPU.Build.0 = Release|Any CPU
		{294E9FCD-5312-976C-15E8-E214451DEF0C}.Debug|Any CPU.ActiveCfg = Debug|Any CPU
		{294E9FCD-5312-976C-15E8-E214451DEF0C}.Debug|Any CPU.Build.0 = Debug|Any CPU
		{294E9FCD-5312-976C-15E8-E214451DEF0C}.Release|Any CPU.ActiveCfg = Release|Any CPU
		{294E9FCD-5312-976C-15E8-E214451DEF0C}.Release|Any CPU.Build.0 = Release|Any CPU
		{3374DB50-E967-3F1F-F4D1-AF48DB07BDA2}.Debug|Any CPU.ActiveCfg = Debug|Any CPU
		{3374DB50-E967-3F1F-F4D1-AF48DB07BDA2}.Debug|Any CPU.Build.0 = Debug|Any CPU
		{3374DB50-E967-3F1F-F4D1-AF48DB07BDA2}.Release|Any CPU.ActiveCfg = Release|Any CPU
		{3374DB50-E967-3F1F-F4D1-AF48DB07BDA2}.Release|Any CPU.Build.0 = Release|Any CPU
		{C029F332-6E05-9820-4FE9-B9A8F88EB91D}.Debug|Any CPU.ActiveCfg = Debug|Any CPU
		{C029F332-6E05-9820-4FE9-B9A8F88EB91D}.Debug|Any CPU.Build.0 = Debug|Any CPU
		{C029F332-6E05-9820-4FE9-B9A8F88EB91D}.Release|Any CPU.ActiveCfg = Release|Any CPU
		{C029F332-6E05-9820-4FE9-B9A8F88EB91D}.Release|Any CPU.Build.0 = Release|Any CPU
		{304D576E-099B-7148-F36E-376364CB9012}.Debug|Any CPU.ActiveCfg = Debug|Any CPU
		{304D576E-099B-7148-F36E-376364CB9012}.Debug|Any CPU.Build.0 = Debug|Any CPU
		{304D576E-099B-7148-F36E-376364CB9012}.Release|Any CPU.ActiveCfg = Release|Any CPU
		{304D576E-099B-7148-F36E-376364CB9012}.Release|Any CPU.Build.0 = Release|Any CPU
		{C621A1CD-8BE7-0538-01FD-1A9A0AA06625}.Debug|Any CPU.ActiveCfg = Debug|Any CPU
		{C621A1CD-8BE7-0538-01FD-1A9A0AA06625}.Debug|Any CPU.Build.0 = Debug|Any CPU
		{C621A1CD-8BE7-0538-01FD-1A9A0AA06625}.Release|Any CPU.ActiveCfg = Release|Any CPU
		{C621A1CD-8BE7-0538-01FD-1A9A0AA06625}.Release|Any CPU.Build.0 = Release|Any CPU
		{6567E70B-0F46-3DC5-E350-DF504B28722C}.Debug|Any CPU.ActiveCfg = Debug|Any CPU
		{6567E70B-0F46-3DC5-E350-DF504B28722C}.Debug|Any CPU.Build.0 = Debug|Any CPU
		{6567E70B-0F46-3DC5-E350-DF504B28722C}.Release|Any CPU.ActiveCfg = Release|Any CPU
		{6567E70B-0F46-3DC5-E350-DF504B28722C}.Release|Any CPU.Build.0 = Release|Any CPU
		{DBAD34E7-C521-B17C-F6D2-3E2650819597}.Debug|Any CPU.ActiveCfg = Debug|Any CPU
		{DBAD34E7-C521-B17C-F6D2-3E2650819597}.Debug|Any CPU.Build.0 = Debug|Any CPU
		{DBAD34E7-C521-B17C-F6D2-3E2650819597}.Release|Any CPU.ActiveCfg = Release|Any CPU
		{DBAD34E7-C521-B17C-F6D2-3E2650819597}.Release|Any CPU.Build.0 = Release|Any CPU
		{C74046BD-8A5B-840C-926D-83745CBA7626}.Debug|Any CPU.ActiveCfg = Debug|Any CPU
		{C74046BD-8A5B-840C-926D-83745CBA7626}.Debug|Any CPU.Build.0 = Debug|Any CPU
		{C74046BD-8A5B-840C-926D-83745CBA7626}.Release|Any CPU.ActiveCfg = Release|Any CPU
		{C74046BD-8A5B-840C-926D-83745CBA7626}.Release|Any CPU.Build.0 = Release|Any CPU
		{B45B1095-7343-4619-0F76-CB0C6B45EA19}.Debug|Any CPU.ActiveCfg = Debug|Any CPU
		{B45B1095-7343-4619-0F76-CB0C6B45EA19}.Debug|Any CPU.Build.0 = Debug|Any CPU
		{B45B1095-7343-4619-0F76-CB0C6B45EA19}.Release|Any CPU.ActiveCfg = Release|Any CPU
		{B45B1095-7343-4619-0F76-CB0C6B45EA19}.Release|Any CPU.Build.0 = Release|Any CPU
		{8D48CF9D-406A-B442-7B32-BD24C2A65AB8}.Debug|Any CPU.ActiveCfg = Debug|Any CPU
		{8D48CF9D-406A-B442-7B32-BD24C2A65AB8}.Debug|Any CPU.Build.0 = Debug|Any CPU
		{8D48CF9D-406A-B442-7B32-BD24C2A65AB8}.Release|Any CPU.ActiveCfg = Release|Any CPU
		{8D48CF9D-406A-B442-7B32-BD24C2A65AB8}.Release|Any CPU.Build.0 = Release|Any CPU
		{60693C5B-124C-E64A-C374-9707A20260DB}.Debug|Any CPU.ActiveCfg = Debug|Any CPU
		{60693C5B-124C-E64A-C374-9707A20260DB}.Debug|Any CPU.Build.0 = Debug|Any CPU
		{60693C5B-124C-E64A-C374-9707A20260DB}.Release|Any CPU.ActiveCfg = Release|Any CPU
		{60693C5B-124C-E64A-C374-9707A20260DB}.Release|Any CPU.Build.0 = Release|Any CPU
		{825A4525-9CFF-38B5-11E8-DCFFFDF942D1}.Debug|Any CPU.ActiveCfg = Debug|Any CPU
		{825A4525-9CFF-38B5-11E8-DCFFFDF942D1}.Debug|Any CPU.Build.0 = Debug|Any CPU
		{825A4525-9CFF-38B5-11E8-DCFFFDF942D1}.Release|Any CPU.ActiveCfg = Release|Any CPU
		{825A4525-9CFF-38B5-11E8-DCFFFDF942D1}.Release|Any CPU.Build.0 = Release|Any CPU
		{F275BAB2-6E3F-BCED-BC17-4C779B502873}.Debug|Any CPU.ActiveCfg = Debug|Any CPU
		{F275BAB2-6E3F-BCED-BC17-4C779B502873}.Debug|Any CPU.Build.0 = Debug|Any CPU
		{F275BAB2-6E3F-BCED-BC17-4C779B502873}.Release|Any CPU.ActiveCfg = Release|Any CPU
		{F275BAB2-6E3F-BCED-BC17-4C779B502873}.Release|Any CPU.Build.0 = Release|Any CPU
		{7E65E63F-AAD1-C907-5A06-7CBD206F9C83}.Debug|Any CPU.ActiveCfg = Debug|Any CPU
		{7E65E63F-AAD1-C907-5A06-7CBD206F9C83}.Debug|Any CPU.Build.0 = Debug|Any CPU
		{7E65E63F-AAD1-C907-5A06-7CBD206F9C83}.Release|Any CPU.ActiveCfg = Release|Any CPU
		{7E65E63F-AAD1-C907-5A06-7CBD206F9C83}.Release|Any CPU.Build.0 = Release|Any CPU
		{86E6DDF2-A30D-EE38-12A0-6CDC1E95A64F}.Debug|Any CPU.ActiveCfg = Debug|Any CPU
		{86E6DDF2-A30D-EE38-12A0-6CDC1E95A64F}.Debug|Any CPU.Build.0 = Debug|Any CPU
		{86E6DDF2-A30D-EE38-12A0-6CDC1E95A64F}.Release|Any CPU.ActiveCfg = Release|Any CPU
		{86E6DDF2-A30D-EE38-12A0-6CDC1E95A64F}.Release|Any CPU.Build.0 = Release|Any CPU
		{03D95848-1CB9-B0B6-B9A4-1B4C158C2FD0}.Debug|Any CPU.ActiveCfg = Debug|Any CPU
		{03D95848-1CB9-B0B6-B9A4-1B4C158C2FD0}.Debug|Any CPU.Build.0 = Debug|Any CPU
		{03D95848-1CB9-B0B6-B9A4-1B4C158C2FD0}.Release|Any CPU.ActiveCfg = Release|Any CPU
		{03D95848-1CB9-B0B6-B9A4-1B4C158C2FD0}.Release|Any CPU.Build.0 = Release|Any CPU
		{6DA1B612-AEF0-7DED-9F05-23BC1F10387D}.Debug|Any CPU.ActiveCfg = Debug|Any CPU
		{6DA1B612-AEF0-7DED-9F05-23BC1F10387D}.Debug|Any CPU.Build.0 = Debug|Any CPU
		{6DA1B612-AEF0-7DED-9F05-23BC1F10387D}.Release|Any CPU.ActiveCfg = Release|Any CPU
		{6DA1B612-AEF0-7DED-9F05-23BC1F10387D}.Release|Any CPU.Build.0 = Release|Any CPU
		{966DEDAF-9A70-556F-250A-2DF87E63D755}.Debug|Any CPU.ActiveCfg = Debug|Any CPU
		{966DEDAF-9A70-556F-250A-2DF87E63D755}.Debug|Any CPU.Build.0 = Debug|Any CPU
		{966DEDAF-9A70-556F-250A-2DF87E63D755}.Release|Any CPU.ActiveCfg = Release|Any CPU
		{966DEDAF-9A70-556F-250A-2DF87E63D755}.Release|Any CPU.Build.0 = Release|Any CPU
		{098AF73A-3C5C-E1AD-5EA3-CA15AC8E89FC}.Debug|Any CPU.ActiveCfg = Debug|Any CPU
		{098AF73A-3C5C-E1AD-5EA3-CA15AC8E89FC}.Debug|Any CPU.Build.0 = Debug|Any CPU
		{098AF73A-3C5C-E1AD-5EA3-CA15AC8E89FC}.Release|Any CPU.ActiveCfg = Release|Any CPU
		{098AF73A-3C5C-E1AD-5EA3-CA15AC8E89FC}.Release|Any CPU.Build.0 = Release|Any CPU
		{46800816-CEC5-E3CA-CE36-86E62A49BDBE}.Debug|Any CPU.ActiveCfg = Debug|Any CPU
		{46800816-CEC5-E3CA-CE36-86E62A49BDBE}.Debug|Any CPU.Build.0 = Debug|Any CPU
		{46800816-CEC5-E3CA-CE36-86E62A49BDBE}.Release|Any CPU.ActiveCfg = Release|Any CPU
		{46800816-CEC5-E3CA-CE36-86E62A49BDBE}.Release|Any CPU.Build.0 = Release|Any CPU
		{F770CE4A-7A6A-36F7-7CD0-09B4F827544E}.Debug|Any CPU.ActiveCfg = Debug|Any CPU
		{F770CE4A-7A6A-36F7-7CD0-09B4F827544E}.Debug|Any CPU.Build.0 = Debug|Any CPU
		{F770CE4A-7A6A-36F7-7CD0-09B4F827544E}.Release|Any CPU.ActiveCfg = Release|Any CPU
		{F770CE4A-7A6A-36F7-7CD0-09B4F827544E}.Release|Any CPU.Build.0 = Release|Any CPU
		{6F7C6257-2612-B4F9-1FD9-64278DF69CB7}.Debug|Any CPU.ActiveCfg = Debug|Any CPU
		{6F7C6257-2612-B4F9-1FD9-64278DF69CB7}.Debug|Any CPU.Build.0 = Debug|Any CPU
		{6F7C6257-2612-B4F9-1FD9-64278DF69CB7}.Release|Any CPU.ActiveCfg = Release|Any CPU
		{6F7C6257-2612-B4F9-1FD9-64278DF69CB7}.Release|Any CPU.Build.0 = Release|Any CPU
		{58244F3B-5A75-0892-6B2F-BBF37DF143D6}.Debug|Any CPU.ActiveCfg = Debug|Any CPU
		{58244F3B-5A75-0892-6B2F-BBF37DF143D6}.Debug|Any CPU.Build.0 = Debug|Any CPU
		{58244F3B-5A75-0892-6B2F-BBF37DF143D6}.Release|Any CPU.ActiveCfg = Release|Any CPU
		{58244F3B-5A75-0892-6B2F-BBF37DF143D6}.Release|Any CPU.Build.0 = Release|Any CPU
		{06B59799-EFE1-C72A-E0F8-B08DE98247FB}.Debug|Any CPU.ActiveCfg = Debug|Any CPU
		{06B59799-EFE1-C72A-E0F8-B08DE98247FB}.Debug|Any CPU.Build.0 = Debug|Any CPU
		{06B59799-EFE1-C72A-E0F8-B08DE98247FB}.Release|Any CPU.ActiveCfg = Release|Any CPU
		{06B59799-EFE1-C72A-E0F8-B08DE98247FB}.Release|Any CPU.Build.0 = Release|Any CPU
		{36577D45-F0BE-5FFC-3550-314E714C5DD2}.Debug|Any CPU.ActiveCfg = Debug|Any CPU
		{36577D45-F0BE-5FFC-3550-314E714C5DD2}.Debug|Any CPU.Build.0 = Debug|Any CPU
		{36577D45-F0BE-5FFC-3550-314E714C5DD2}.Release|Any CPU.ActiveCfg = Release|Any CPU
		{36577D45-F0BE-5FFC-3550-314E714C5DD2}.Release|Any CPU.Build.0 = Release|Any CPU
		{D92BE7D3-8545-8CF4-D88A-C17EB854905D}.Debug|Any CPU.ActiveCfg = Debug|Any CPU
		{D92BE7D3-8545-8CF4-D88A-C17EB854905D}.Debug|Any CPU.Build.0 = Debug|Any CPU
		{D92BE7D3-8545-8CF4-D88A-C17EB854905D}.Release|Any CPU.ActiveCfg = Release|Any CPU
		{D92BE7D3-8545-8CF4-D88A-C17EB854905D}.Release|Any CPU.Build.0 = Release|Any CPU
		{59910642-7E39-DE48-CA33-B0AA314A040D}.Debug|Any CPU.ActiveCfg = Debug|Any CPU
		{59910642-7E39-DE48-CA33-B0AA314A040D}.Debug|Any CPU.Build.0 = Debug|Any CPU
		{59910642-7E39-DE48-CA33-B0AA314A040D}.Release|Any CPU.ActiveCfg = Release|Any CPU
		{59910642-7E39-DE48-CA33-B0AA314A040D}.Release|Any CPU.Build.0 = Release|Any CPU
		{9013C091-5AC4-63B9-84E1-56A06CE4BA46}.Debug|Any CPU.ActiveCfg = Debug|Any CPU
		{9013C091-5AC4-63B9-84E1-56A06CE4BA46}.Debug|Any CPU.Build.0 = Debug|Any CPU
		{9013C091-5AC4-63B9-84E1-56A06CE4BA46}.Release|Any CPU.ActiveCfg = Release|Any CPU
		{9013C091-5AC4-63B9-84E1-56A06CE4BA46}.Release|Any CPU.Build.0 = Release|Any CPU
		{94815F18-16D9-E029-4162-5DD56699A701}.Debug|Any CPU.ActiveCfg = Debug|Any CPU
		{94815F18-16D9-E029-4162-5DD56699A701}.Debug|Any CPU.Build.0 = Debug|Any CPU
		{94815F18-16D9-E029-4162-5DD56699A701}.Release|Any CPU.ActiveCfg = Release|Any CPU
		{94815F18-16D9-E029-4162-5DD56699A701}.Release|Any CPU.Build.0 = Release|Any CPU
		{FF08F86B-1022-B783-C9CF-72E01C5D0F04}.Debug|Any CPU.ActiveCfg = Debug|Any CPU
		{FF08F86B-1022-B783-C9CF-72E01C5D0F04}.Debug|Any CPU.Build.0 = Debug|Any CPU
		{FF08F86B-1022-B783-C9CF-72E01C5D0F04}.Release|Any CPU.ActiveCfg = Release|Any CPU
		{FF08F86B-1022-B783-C9CF-72E01C5D0F04}.Release|Any CPU.Build.0 = Release|Any CPU
		{9B9A4616-7020-7BD7-72EE-B37A410A3CDB}.Debug|Any CPU.ActiveCfg = Debug|Any CPU
		{9B9A4616-7020-7BD7-72EE-B37A410A3CDB}.Debug|Any CPU.Build.0 = Debug|Any CPU
		{9B9A4616-7020-7BD7-72EE-B37A410A3CDB}.Release|Any CPU.ActiveCfg = Release|Any CPU
		{9B9A4616-7020-7BD7-72EE-B37A410A3CDB}.Release|Any CPU.Build.0 = Release|Any CPU
		{716CB07F-BF24-C243-C5AD-E831A427EA2A}.Debug|Any CPU.ActiveCfg = Debug|Any CPU
		{716CB07F-BF24-C243-C5AD-E831A427EA2A}.Debug|Any CPU.Build.0 = Debug|Any CPU
		{716CB07F-BF24-C243-C5AD-E831A427EA2A}.Release|Any CPU.ActiveCfg = Release|Any CPU
		{716CB07F-BF24-C243-C5AD-E831A427EA2A}.Release|Any CPU.Build.0 = Release|Any CPU
	EndGlobalSection
	GlobalSection(SolutionProperties) = preSolution
		HideSolutionNode = FALSE
	EndGlobalSection
	GlobalSection(NestedProjects) = preSolution
		{CA717F34-B8E0-3418-8599-1DA9B38D6794} = {F2F4A18A-13DA-A99B-7F1B-2CF93E0D20FA}
		{DA2093E0-0FD8-9F5D-D558-23DB9424723D} = {CA717F34-B8E0-3418-8599-1DA9B38D6794}
		{D9737B67-CFB2-0943-8B1B-0360D356A6B8} = {CA717F34-B8E0-3418-8599-1DA9B38D6794}
		{87C251E8-DAA1-E557-E422-5EB336597014} = {CA717F34-B8E0-3418-8599-1DA9B38D6794}
		{FA92BBE6-86D2-038D-9671-C86108E35EC4} = {CA717F34-B8E0-3418-8599-1DA9B38D6794}
		{87FCAEC7-68E6-C419-619F-A843C32448C4} = {CA717F34-B8E0-3418-8599-1DA9B38D6794}
		{49802994-7CCF-FBF8-A50F-1301C3010270} = {CA717F34-B8E0-3418-8599-1DA9B38D6794}
		{CAEE91F8-6815-A1B8-BDD8-71CC09BC9251} = {CA717F34-B8E0-3418-8599-1DA9B38D6794}
		{6855BCA4-72D6-C79F-3705-20030CBC54F3} = {CA717F34-B8E0-3418-8599-1DA9B38D6794}
		{B4A58666-1D44-F182-1DD9-14C70AC86020} = {CA717F34-B8E0-3418-8599-1DA9B38D6794}
		{26A40DCE-406B-DD20-5E06-73AF89102045} = {CA717F34-B8E0-3418-8599-1DA9B38D6794}
		{5E364562-33BE-D8F8-BD8A-0C0599B75B30} = {CA717F34-B8E0-3418-8599-1DA9B38D6794}
		{AFD7A5ED-F7E5-23B5-FDA7-BD2561097A67} = {CA717F34-B8E0-3418-8599-1DA9B38D6794}
		{9AD2A49E-9721-A279-6498-592D6F07CB1B} = {CA717F34-B8E0-3418-8599-1DA9B38D6794}
		{7484352F-625E-8780-6340-B4488A159BE3} = {CA717F34-B8E0-3418-8599-1DA9B38D6794}
		{FEB34DC5-63DE-095D-0180-F976F345B9C6} = {CA717F34-B8E0-3418-8599-1DA9B38D6794}
		{F40AB3FC-8E85-2F55-03ED-8071A62829B8} = {CA717F34-B8E0-3418-8599-1DA9B38D6794}
		{7D037F51-59CD-9CB3-6FAF-A3002D38ED7C} = {CA717F34-B8E0-3418-8599-1DA9B38D6794}
		{FC03D347-0439-02F6-7352-F5DA9791ECA0} = {CA717F34-B8E0-3418-8599-1DA9B38D6794}
		{2C57BE04-9200-6112-D9F9-F20E078A6162} = {CA717F34-B8E0-3418-8599-1DA9B38D6794}
		{EF96F1B9-C343-6697-D007-CE12DC52EE06} = {CA717F34-B8E0-3418-8599-1DA9B38D6794}
		{34E57C8E-046E-1240-300F-BC2ED7A4E1B2} = {CA717F34-B8E0-3418-8599-1DA9B38D6794}
		{868BFDA3-CA69-3D75-7A97-C3A53A136A6B} = {CA717F34-B8E0-3418-8599-1DA9B38D6794}
		{36A42670-34B8-C6CA-0CDC-8A7695B511E0} = {CA717F34-B8E0-3418-8599-1DA9B38D6794}
		{294E9FCD-5312-976C-15E8-E214451DEF0C} = {CA717F34-B8E0-3418-8599-1DA9B38D6794}
		{3374DB50-E967-3F1F-F4D1-AF48DB07BDA2} = {CA717F34-B8E0-3418-8599-1DA9B38D6794}
		{C029F332-6E05-9820-4FE9-B9A8F88EB91D} = {CA717F34-B8E0-3418-8599-1DA9B38D6794}
		{304D576E-099B-7148-F36E-376364CB9012} = {CA717F34-B8E0-3418-8599-1DA9B38D6794}
		{C621A1CD-8BE7-0538-01FD-1A9A0AA06625} = {CA717F34-B8E0-3418-8599-1DA9B38D6794}
		{6567E70B-0F46-3DC5-E350-DF504B28722C} = {CA717F34-B8E0-3418-8599-1DA9B38D6794}
		{DBAD34E7-C521-B17C-F6D2-3E2650819597} = {CA717F34-B8E0-3418-8599-1DA9B38D6794}
		{C74046BD-8A5B-840C-926D-83745CBA7626} = {CA717F34-B8E0-3418-8599-1DA9B38D6794}
		{B45B1095-7343-4619-0F76-CB0C6B45EA19} = {CA717F34-B8E0-3418-8599-1DA9B38D6794}
		{8D48CF9D-406A-B442-7B32-BD24C2A65AB8} = {CA717F34-B8E0-3418-8599-1DA9B38D6794}
		{60693C5B-124C-E64A-C374-9707A20260DB} = {CA717F34-B8E0-3418-8599-1DA9B38D6794}
		{825A4525-9CFF-38B5-11E8-DCFFFDF942D1} = {CA717F34-B8E0-3418-8599-1DA9B38D6794}
		{F275BAB2-6E3F-BCED-BC17-4C779B502873} = {CA717F34-B8E0-3418-8599-1DA9B38D6794}
		{7E65E63F-AAD1-C907-5A06-7CBD206F9C83} = {CA717F34-B8E0-3418-8599-1DA9B38D6794}
		{86E6DDF2-A30D-EE38-12A0-6CDC1E95A64F} = {CA717F34-B8E0-3418-8599-1DA9B38D6794}
		{03D95848-1CB9-B0B6-B9A4-1B4C158C2FD0} = {CA717F34-B8E0-3418-8599-1DA9B38D6794}
		{6DA1B612-AEF0-7DED-9F05-23BC1F10387D} = {CA717F34-B8E0-3418-8599-1DA9B38D6794}
		{966DEDAF-9A70-556F-250A-2DF87E63D755} = {CA717F34-B8E0-3418-8599-1DA9B38D6794}
		{098AF73A-3C5C-E1AD-5EA3-CA15AC8E89FC} = {CA717F34-B8E0-3418-8599-1DA9B38D6794}
		{46800816-CEC5-E3CA-CE36-86E62A49BDBE} = {CA717F34-B8E0-3418-8599-1DA9B38D6794}
		{F770CE4A-7A6A-36F7-7CD0-09B4F827544E} = {CA717F34-B8E0-3418-8599-1DA9B38D6794}
		{6F7C6257-2612-B4F9-1FD9-64278DF69CB7} = {CA717F34-B8E0-3418-8599-1DA9B38D6794}
		{58244F3B-5A75-0892-6B2F-BBF37DF143D6} = {CA717F34-B8E0-3418-8599-1DA9B38D6794}
		{06B59799-EFE1-C72A-E0F8-B08DE98247FB} = {CA717F34-B8E0-3418-8599-1DA9B38D6794}
		{36577D45-F0BE-5FFC-3550-314E714C5DD2} = {CA717F34-B8E0-3418-8599-1DA9B38D6794}
		{D92BE7D3-8545-8CF4-D88A-C17EB854905D} = {CA717F34-B8E0-3418-8599-1DA9B38D6794}
		{59910642-7E39-DE48-CA33-B0AA314A040D} = {CA717F34-B8E0-3418-8599-1DA9B38D6794}
		{9013C091-5AC4-63B9-84E1-56A06CE4BA46} = {CA717F34-B8E0-3418-8599-1DA9B38D6794}
		{94815F18-16D9-E029-4162-5DD56699A701} = {CA717F34-B8E0-3418-8599-1DA9B38D6794}
		{FF08F86B-1022-B783-C9CF-72E01C5D0F04} = {CA717F34-B8E0-3418-8599-1DA9B38D6794}
		{9B9A4616-7020-7BD7-72EE-B37A410A3CDB} = {CA717F34-B8E0-3418-8599-1DA9B38D6794}
		{716CB07F-BF24-C243-C5AD-E831A427EA2A} = {CA717F34-B8E0-3418-8599-1DA9B38D6794}
	EndGlobalSection
	GlobalSection(ExtensibilityGlobals) = postSolution
		SolutionGuid = {3847296C-032E-46E4-891A-9E75323E7CB1}
	EndGlobalSection
EndGlobal
